
Microsoft Visual Studio Solution File, Format Version 12.00
# Visual Studio Version 17
VisualStudioVersion = 17.3.32811.315
MinimumVisualStudioVersion = 10.0.40219.1
Project("{FAE04EC0-301F-11D3-BF4B-00C04F79EFBC}") = "AddressBookSystemRESTSharp", "AddressBookSystemRESTSharp.csproj", "{2D31A0E4-BD17-466F-9BC6-59AE22715BEF}"
EndProject
Global
	GlobalSection(SolutionConfigurationPlatforms) = preSolution
		Debug|Any CPU = Debug|Any CPU
		Release|Any CPU = Release|Any CPU
	EndGlobalSection
	GlobalSection(ProjectConfigurationPlatforms) = postSolution
		{2D31A0E4-BD17-466F-9BC6-59AE22715BEF}.Debug|Any CPU.ActiveCfg = Debug|Any CPU
		{2D31A0E4-BD17-466F-9BC6-59AE22715BEF}.Debug|Any CPU.Build.0 = Debug|Any CPU
		{2D31A0E4-BD17-466F-9BC6-59AE22715BEF}.Release|Any CPU.ActiveCfg = Release|Any CPU
		{2D31A0E4-BD17-466F-9BC6-59AE22715BEF}.Release|Any CPU.Build.0 = Release|Any CPU
	EndGlobalSection
	GlobalSection(SolutionProperties) = preSolution
		HideSolutionNode = FALSE
	EndGlobalSection
	GlobalSection(ExtensibilityGlobals) = postSolution
		SolutionGuid = {72FA2F69-7DAC-4D61-9C8D-11C8CFA133CA}
	EndGlobalSection
EndGlobal
